// !$*UTF8*$!
{
	archiveVersion = 1;
	classes = {
	};
	objectVersion = 56;
	objects = {

/* Begin PBXBuildFile section */
		FB534B0A2DCE5EBA004EF053 /* cartasApp.swift in Sources */ = {isa = PBXBuildFile; fileRef = FB534B092DCE5EBA004EF053 /* cartasApp.swift */; };
		FB534B0C2DCE5EBA004EF053 /* ContentView.swift in Sources */ = {isa = PBXBuildFile; fileRef = FB534B0B2DCE5EBA004EF053 /* ContentView.swift */; };
		FB534B0E2DCE5EBB004EF053 /* Assets.xcassets in Resources */ = {isa = PBXBuildFile; fileRef = FB534B0D2DCE5EBB004EF053 /* Assets.xcassets */; };
		FB534B112DCE5EBB004EF053 /* Preview Assets.xcassets in Resources */ = {isa = PBXBuildFile; fileRef = FB534B102DCE5EBB004EF053 /* Preview Assets.xcassets */; };
		FB534B1A2DCE6386004EF053 /* cartas_api.swift in Sources */ = {isa = PBXBuildFile; fileRef = FB534B192DCE6386004EF053 /* cartas_api.swift */; };
		FB534B1E2DCE67A4004EF053 /* Mazo_Completo.swift in Sources */ = {isa = PBXBuildFile; fileRef = FB534B1D2DCE67A4004EF053 /* Mazo_Completo.swift */; };
		FB6C82202DDE32B30029C430 /* blackjack.swift in Sources */ = {isa = PBXBuildFile; fileRef = FB6C821F2DDE32B30029C430 /* blackjack.swift */; };
		FB6C82232DDE37080029C430 /* jugando.swift in Sources */ = {isa = PBXBuildFile; fileRef = FB6C82222DDE37080029C430 /* jugando.swift */; };
		FBA4A0CF2DD4FC5800221F6A /* fotos.swift in Sources */ = {isa = PBXBuildFile; fileRef = FBA4A0CE2DD4FC5800221F6A /* fotos.swift */; };
		FBA4A0D12DD4FD4F00221F6A /* Carta_Individual.swift in Sources */ = {isa = PBXBuildFile; fileRef = FBA4A0D02DD4FD4F00221F6A /* Carta_Individual.swift */; };
		FBA4A0D32DD4FE7700221F6A /* Cartas_repartidas.swift in Sources */ = {isa = PBXBuildFile; fileRef = FBA4A0D22DD4FE7700221F6A /* Cartas_repartidas.swift */; };
		FBF8802F2DD2558900DD81C8 /* Errores.swift in Sources */ = {isa = PBXBuildFile; fileRef = FBF8802E2DD2558900DD81C8 /* Errores.swift */; };
		FBF880322DD2587000DD81C8 /* Controlador_App.swift in Sources */ = {isa = PBXBuildFile; fileRef = FBF880312DD2587000DD81C8 /* Controlador_App.swift */; };
/* End PBXBuildFile section */

/* Begin PBXFileReference section */
		FB534B062DCE5EBA004EF053 /* cartas.app */ = {isa = PBXFileReference; explicitFileType = wrapper.application; includeInIndex = 0; path = cartas.app; sourceTree = BUILT_PRODUCTS_DIR; };
		FB534B092DCE5EBA004EF053 /* cartasApp.swift */ = {isa = PBXFileReference; lastKnownFileType = sourcecode.swift; path = cartasApp.swift; sourceTree = "<group>"; };
		FB534B0B2DCE5EBA004EF053 /* ContentView.swift */ = {isa = PBXFileReference; lastKnownFileType = sourcecode.swift; path = ContentView.swift; sourceTree = "<group>"; };
		FB534B0D2DCE5EBB004EF053 /* Assets.xcassets */ = {isa = PBXFileReference; lastKnownFileType = folder.assetcatalog; path = Assets.xcassets; sourceTree = "<group>"; };
		FB534B102DCE5EBB004EF053 /* Preview Assets.xcassets */ = {isa = PBXFileReference; lastKnownFileType = folder.assetcatalog; path = "Preview Assets.xcassets"; sourceTree = "<group>"; };
		FB534B192DCE6386004EF053 /* cartas_api.swift */ = {isa = PBXFileReference; lastKnownFileType = sourcecode.swift; path = cartas_api.swift; sourceTree = "<group>"; };
		FB534B1D2DCE67A4004EF053 /* Mazo_Completo.swift */ = {isa = PBXFileReference; lastKnownFileType = sourcecode.swift; path = Mazo_Completo.swift; sourceTree = "<group>"; };
		FB6C821F2DDE32B30029C430 /* blackjack.swift */ = {isa = PBXFileReference; lastKnownFileType = sourcecode.swift; path = blackjack.swift; sourceTree = "<group>"; };
		FB6C82222DDE37080029C430 /* jugando.swift */ = {isa = PBXFileReference; lastKnownFileType = sourcecode.swift; path = jugando.swift; sourceTree = "<group>"; };
		FBA4A0CE2DD4FC5800221F6A /* fotos.swift */ = {isa = PBXFileReference; lastKnownFileType = sourcecode.swift; path = fotos.swift; sourceTree = "<group>"; };
		FBA4A0D02DD4FD4F00221F6A /* Carta_Individual.swift */ = {isa = PBXFileReference; lastKnownFileType = sourcecode.swift; path = Carta_Individual.swift; sourceTree = "<group>"; };
		FBA4A0D22DD4FE7700221F6A /* Cartas_repartidas.swift */ = {isa = PBXFileReference; lastKnownFileType = sourcecode.swift; path = Cartas_repartidas.swift; sourceTree = "<group>"; };
		FBF8802E2DD2558900DD81C8 /* Errores.swift */ = {isa = PBXFileReference; lastKnownFileType = sourcecode.swift; path = Errores.swift; sourceTree = "<group>"; };
		FBF880312DD2587000DD81C8 /* Controlador_App.swift */ = {isa = PBXFileReference; lastKnownFileType = sourcecode.swift; path = Controlador_App.swift; sourceTree = "<group>"; };
/* End PBXFileReference section */

/* Begin PBXFrameworksBuildPhase section */
		FB534B032DCE5EBA004EF053 /* Frameworks */ = {
			isa = PBXFrameworksBuildPhase;
			buildActionMask = 2147483647;
			files = (
			);
			runOnlyForDeploymentPostprocessing = 0;
		};
/* End PBXFrameworksBuildPhase section */

/* Begin PBXGroup section */
		FB534AFD2DCE5EBA004EF053 = {
			isa = PBXGroup;
			children = (
				FB534B082DCE5EBA004EF053 /* cartas */,
				FB534B072DCE5EBA004EF053 /* Products */,
			);
			sourceTree = "<group>";
		};
		FB534B072DCE5EBA004EF053 /* Products */ = {
			isa = PBXGroup;
			children = (
				FB534B062DCE5EBA004EF053 /* cartas.app */,
			);
			name = Products;
			sourceTree = "<group>";
		};
		FB534B082DCE5EBA004EF053 /* cartas */ = {
			isa = PBXGroup;
			children = (
				FB6C821E2DDE32A00029C430 /* UI */,
				FBF880302DD2585800DD81C8 /* Controladores */,
				FB534B1B2DCE655F004EF053 /* Modelos */,
				FB534B172DCE6276004EF053 /* servicios_api */,
				FB534B092DCE5EBA004EF053 /* cartasApp.swift */,
				FB534B0B2DCE5EBA004EF053 /* ContentView.swift */,
				FB534B0D2DCE5EBB004EF053 /* Assets.xcassets */,
				FB534B0F2DCE5EBB004EF053 /* Preview Content */,
			);
			path = cartas;
			sourceTree = "<group>";
		};
		FB534B0F2DCE5EBB004EF053 /* Preview Content */ = {
			isa = PBXGroup;
			children = (
				FB534B102DCE5EBB004EF053 /* Preview Assets.xcassets */,
			);
			path = "Preview Content";
			sourceTree = "<group>";
		};
		FB534B172DCE6276004EF053 /* servicios_api */ = {
			isa = PBXGroup;
			children = (
				FB534B192DCE6386004EF053 /* cartas_api.swift */,
				FBF8802E2DD2558900DD81C8 /* Errores.swift */,
			);
			path = servicios_api;
			sourceTree = "<group>";
		};
		FB534B1B2DCE655F004EF053 /* Modelos */ = {
			isa = PBXGroup;
			children = (
				FB6C82212DDE36EB0029C430 /* Soportes */,
				FB534B1D2DCE67A4004EF053 /* Mazo_Completo.swift */,
				FBA4A0CE2DD4FC5800221F6A /* fotos.swift */,
				FBA4A0D02DD4FD4F00221F6A /* Carta_Individual.swift */,
				FBA4A0D22DD4FE7700221F6A /* Cartas_repartidas.swift */,
			);
			path = Modelos;
			sourceTree = "<group>";
		};
		FB6C821E2DDE32A00029C430 /* UI */ = {
			isa = PBXGroup;
			children = (
				FB6C821F2DDE32B30029C430 /* blackjack.swift */,
			);
			path = UI;
			sourceTree = "<group>";
		};
		FB6C82212DDE36EB0029C430 /* Soportes */ = {
			isa = PBXGroup;
			children = (
				FB6C82222DDE37080029C430 /* jugando.swift */,
			);
			path = Soportes;
			sourceTree = "<group>";
		};
		FBF880302DD2585800DD81C8 /* Controladores */ = {
			isa = PBXGroup;
			children = (
				FBF880312DD2587000DD81C8 /* Controlador_App.swift */,
			);
			path = Controladores;
			sourceTree = "<group>";
		};
/* End PBXGroup section */

/* Begin PBXNativeTarget section */
		FB534B052DCE5EBA004EF053 /* cartas */ = {
			isa = PBXNativeTarget;
			buildConfigurationList = FB534B142DCE5EBB004EF053 /* Build configuration list for PBXNativeTarget "cartas" */;
			buildPhases = (
				FB534B022DCE5EBA004EF053 /* Sources */,
				FB534B032DCE5EBA004EF053 /* Frameworks */,
				FB534B042DCE5EBA004EF053 /* Resources */,
			);
			buildRules = (
			);
			dependencies = (
			);
			name = cartas;
			productName = cartas;
			productReference = FB534B062DCE5EBA004EF053 /* cartas.app */;
			productType = "com.apple.product-type.application";
		};
/* End PBXNativeTarget section */

/* Begin PBXProject section */
		FB534AFE2DCE5EBA004EF053 /* Project object */ = {
			isa = PBXProject;
			attributes = {
				BuildIndependentTargetsInParallel = 1;
				LastSwiftUpdateCheck = 1540;
				LastUpgradeCheck = 1540;
				TargetAttributes = {
					FB534B052DCE5EBA004EF053 = {
						CreatedOnToolsVersion = 15.4;
					};
				};
			};
			buildConfigurationList = FB534B012DCE5EBA004EF053 /* Build configuration list for PBXProject "cartas" */;
			compatibilityVersion = "Xcode 14.0";
			developmentRegion = en;
			hasScannedForEncodings = 0;
			knownRegions = (
				en,
				Base,
			);
			mainGroup = FB534AFD2DCE5EBA004EF053;
			productRefGroup = FB534B072DCE5EBA004EF053 /* Products */;
			projectDirPath = "";
			projectRoot = "";
			targets = (
				FB534B052DCE5EBA004EF053 /* cartas */,
			);
		};
/* End PBXProject section */

/* Begin PBXResourcesBuildPhase section */
		FB534B042DCE5EBA004EF053 /* Resources */ = {
			isa = PBXResourcesBuildPhase;
			buildActionMask = 2147483647;
			files = (
				FB534B112DCE5EBB004EF053 /* Preview Assets.xcassets in Resources */,
				FB534B0E2DCE5EBB004EF053 /* Assets.xcassets in Resources */,
			);
			runOnlyForDeploymentPostprocessing = 0;
		};
/* End PBXResourcesBuildPhase section */

/* Begin PBXSourcesBuildPhase section */
		FB534B022DCE5EBA004EF053 /* Sources */ = {
			isa = PBXSourcesBuildPhase;
			buildActionMask = 2147483647;
			files = (
				FB534B0C2DCE5EBA004EF053 /* ContentView.swift in Sources */,
				FB534B1A2DCE6386004EF053 /* cartas_api.swift in Sources */,
				FB534B0A2DCE5EBA004EF053 /* cartasApp.swift in Sources */,
				FB6C82232DDE37080029C430 /* jugando.swift in Sources */,
				FBA4A0CF2DD4FC5800221F6A /* fotos.swift in Sources */,
				FB6C82202DDE32B30029C430 /* blackjack.swift in Sources */,
				FBA4A0D12DD4FD4F00221F6A /* Carta_Individual.swift in Sources */,
				FBF8802F2DD2558900DD81C8 /* Errores.swift in Sources */,
				FBA4A0D32DD4FE7700221F6A /* Cartas_repartidas.swift in Sources */,
				FB534B1E2DCE67A4004EF053 /* Mazo_Completo.swift in Sources */,
				FBF880322DD2587000DD81C8 /* Controlador_App.swift in Sources */,
			);
			runOnlyForDeploymentPostprocessing = 0;
		};
/* End PBXSourcesBuildPhase section */

/* Begin XCBuildConfiguration section */
		FB534B122DCE5EBB004EF053 /* Debug */ = {
			isa = XCBuildConfiguration;
			buildSettings = {
				ALWAYS_SEARCH_USER_PATHS = NO;
				ASSETCATALOG_COMPILER_GENERATE_SWIFT_ASSET_SYMBOL_EXTENSIONS = YES;
				CLANG_ANALYZER_NONNULL = YES;
				CLANG_ANALYZER_NUMBER_OBJECT_CONVERSION = YES_AGGRESSIVE;
				CLANG_CXX_LANGUAGE_STANDARD = "gnu++20";
				CLANG_ENABLE_MODULES = YES;
				CLANG_ENABLE_OBJC_ARC = YES;
				CLANG_ENABLE_OBJC_WEAK = YES;
				CLANG_WARN_BLOCK_CAPTURE_AUTORELEASING = YES;
				CLANG_WARN_BOOL_CONVERSION = YES;
				CLANG_WARN_COMMA = YES;
				CLANG_WARN_CONSTANT_CONVERSION = YES;
				CLANG_WARN_DEPRECATED_OBJC_IMPLEMENTATIONS = YES;
				CLANG_WARN_DIRECT_OBJC_ISA_USAGE = YES_ERROR;
				CLANG_WARN_DOCUMENTATION_COMMENTS = YES;
				CLANG_WARN_EMPTY_BODY = YES;
				CLANG_WARN_ENUM_CONVERSION = YES;
				CLANG_WARN_INFINITE_RECURSION = YES;
				CLANG_WARN_INT_CONVERSION = YES;
				CLANG_WARN_NON_LITERAL_NULL_CONVERSION = YES;
				CLANG_WARN_OBJC_IMPLICIT_RETAIN_SELF = YES;
				CLANG_WARN_OBJC_LITERAL_CONVERSION = YES;
				CLANG_WARN_OBJC_ROOT_CLASS = YES_ERROR;
				CLANG_WARN_QUOTED_INCLUDE_IN_FRAMEWORK_HEADER = YES;
				CLANG_WARN_RANGE_LOOP_ANALYSIS = YES;
				CLANG_WARN_STRICT_PROTOTYPES = YES;
				CLANG_WARN_SUSPICIOUS_MOVE = YES;
				CLANG_WARN_UNGUARDED_AVAILABILITY = YES_AGGRESSIVE;
				CLANG_WARN_UNREACHABLE_CODE = YES;
				CLANG_WARN__DUPLICATE_METHOD_MATCH = YES;
				COPY_PHASE_STRIP = NO;
				DEBUG_INFORMATION_FORMAT = dwarf;
				ENABLE_STRICT_OBJC_MSGSEND = YES;
				ENABLE_TESTABILITY = YES;
				ENABLE_USER_SCRIPT_SANDBOXING = YES;
				GCC_C_LANGUAGE_STANDARD = gnu17;
				GCC_DYNAMIC_NO_PIC = NO;
				GCC_NO_COMMON_BLOCKS = YES;
				GCC_OPTIMIZATION_LEVEL = 0;
				GCC_PREPROCESSOR_DEFINITIONS = (
					"DEBUG=1",
					"$(inherited)",
				);
				GCC_WARN_64_TO_32_BIT_CONVERSION = YES;
				GCC_WARN_ABOUT_RETURN_TYPE = YES_ERROR;
				GCC_WARN_UNDECLARED_SELECTOR = YES;
				GCC_WARN_UNINITIALIZED_AUTOS = YES_AGGRESSIVE;
				GCC_WARN_UNUSED_FUNCTION = YES;
				GCC_WARN_UNUSED_VARIABLE = YES;
				IPHONEOS_DEPLOYMENT_TARGET = 17.5;
				LOCALIZATION_PREFERS_STRING_CATALOGS = YES;
				MTL_ENABLE_DEBUG_INFO = INCLUDE_SOURCE;
				MTL_FAST_MATH = YES;
				ONLY_ACTIVE_ARCH = YES;
				SDKROOT = iphoneos;
				SWIFT_ACTIVE_COMPILATION_CONDITIONS = "DEBUG $(inherited)";
				SWIFT_OPTIMIZATION_LEVEL = "-Onone";
			};
			name = Debug;
		};
		FB534B132DCE5EBB004EF053 /* Release */ = {
			isa = XCBuildConfiguration;
			buildSettings = {
				ALWAYS_SEARCH_USER_PATHS = NO;
				ASSETCATALOG_COMPILER_GENERATE_SWIFT_ASSET_SYMBOL_EXTENSIONS = YES;
				CLANG_ANALYZER_NONNULL = YES;
				CLANG_ANALYZER_NUMBER_OBJECT_CONVERSION = YES_AGGRESSIVE;
				CLANG_CXX_LANGUAGE_STANDARD = "gnu++20";
				CLANG_ENABLE_MODULES = YES;
				CLANG_ENABLE_OBJC_ARC = YES;
				CLANG_ENABLE_OBJC_WEAK = YES;
				CLANG_WARN_BLOCK_CAPTURE_AUTORELEASING = YES;
				CLANG_WARN_BOOL_CONVERSION = YES;
				CLANG_WARN_COMMA = YES;
				CLANG_WARN_CONSTANT_CONVERSION = YES;
				CLANG_WARN_DEPRECATED_OBJC_IMPLEMENTATIONS = YES;
				CLANG_WARN_DIRECT_OBJC_ISA_USAGE = YES_ERROR;
				CLANG_WARN_DOCUMENTATION_COMMENTS = YES;
				CLANG_WARN_EMPTY_BODY = YES;
				CLANG_WARN_ENUM_CONVERSION = YES;
				CLANG_WARN_INFINITE_RECURSION = YES;
				CLANG_WARN_INT_CONVERSION = YES;
				CLANG_WARN_NON_LITERAL_NULL_CONVERSION = YES;
				CLANG_WARN_OBJC_IMPLICIT_RETAIN_SELF = YES;
				CLANG_WARN_OBJC_LITERAL_CONVERSION = YES;
				CLANG_WARN_OBJC_ROOT_CLASS = YES_ERROR;
				CLANG_WARN_QUOTED_INCLUDE_IN_FRAMEWORK_HEADER = YES;
				CLANG_WARN_RANGE_LOOP_ANALYSIS = YES;
				CLANG_WARN_STRICT_PROTOTYPES = YES;
				CLANG_WARN_SUSPICIOUS_MOVE = YES;
				CLANG_WARN_UNGUARDED_AVAILABILITY = YES_AGGRESSIVE;
				CLANG_WARN_UNREACHABLE_CODE = YES;
				CLANG_WARN__DUPLICATE_METHOD_MATCH = YES;
				COPY_PHASE_STRIP = NO;
				DEBUG_INFORMATION_FORMAT = "dwarf-with-dsym";
				ENABLE_NS_ASSERTIONS = NO;
				ENABLE_STRICT_OBJC_MSGSEND = YES;
				ENABLE_USER_SCRIPT_SANDBOXING = YES;
				GCC_C_LANGUAGE_STANDARD = gnu17;
				GCC_NO_COMMON_BLOCKS = YES;
				GCC_WARN_64_TO_32_BIT_CONVERSION = YES;
				GCC_WARN_ABOUT_RETURN_TYPE = YES_ERROR;
				GCC_WARN_UNDECLARED_SELECTOR = YES;
				GCC_WARN_UNINITIALIZED_AUTOS = YES_AGGRESSIVE;
				GCC_WARN_UNUSED_FUNCTION = YES;
				GCC_WARN_UNUSED_VARIABLE = YES;
				IPHONEOS_DEPLOYMENT_TARGET = 17.5;
				LOCALIZATION_PREFERS_STRING_CATALOGS = YES;
				MTL_ENABLE_DEBUG_INFO = NO;
				MTL_FAST_MATH = YES;
				SDKROOT = iphoneos;
				SWIFT_COMPILATION_MODE = wholemodule;
				VALIDATE_PRODUCT = YES;
			};
			name = Release;
		};
		FB534B152DCE5EBB004EF053 /* Debug */ = {
			isa = XCBuildConfiguration;
			buildSettings = {
				ASSETCATALOG_COMPILER_APPICON_NAME = AppIcon;
				ASSETCATALOG_COMPILER_GLOBAL_ACCENT_COLOR_NAME = AccentColor;
				CODE_SIGN_STYLE = Automatic;
				CURRENT_PROJECT_VERSION = 1;
				DEVELOPMENT_ASSET_PATHS = "\"cartas/Preview Content\"";
				ENABLE_PREVIEWS = YES;
				GENERATE_INFOPLIST_FILE = YES;
				INFOPLIST_KEY_UIApplicationSceneManifest_Generation = YES;
				INFOPLIST_KEY_UIApplicationSupportsIndirectInputEvents = YES;
				INFOPLIST_KEY_UILaunchScreen_Generation = YES;
				INFOPLIST_KEY_UISupportedInterfaceOrientations_iPad = "UIInterfaceOrientationPortrait UIInterfaceOrientationPortraitUpsideDown UIInterfaceOrientationLandscapeLeft UIInterfaceOrientationLandscapeRight";
				INFOPLIST_KEY_UISupportedInterfaceOrientations_iPhone = "UIInterfaceOrientationPortrait UIInterfaceOrientationLandscapeLeft UIInterfaceOrientationLandscapeRight";
				LD_RUNPATH_SEARCH_PATHS = (
					"$(inherited)",
					"@executable_path/Frameworks",
				);
				MARKETING_VERSION = 1.0;
				PRODUCT_BUNDLE_IDENTIFIER = mx.alumnos.uacj.cartas;
				PRODUCT_NAME = "$(TARGET_NAME)";
				SWIFT_EMIT_LOC_STRINGS = YES;
				SWIFT_VERSION = 5.0;
				TARGETED_DEVICE_FAMILY = "1,2";
			};
			name = Debug;
		};
		FB534B162DCE5EBB004EF053 /* Release */ = {
			isa = XCBuildConfiguration;
			buildSettings = {
				ASSETCATALOG_COMPILER_APPICON_NAME = AppIcon;
				ASSETCATALOG_COMPILER_GLOBAL_ACCENT_COLOR_NAME = AccentColor;
				CODE_SIGN_STYLE = Automatic;
				CURRENT_PROJECT_VERSION = 1;
				DEVELOPMENT_ASSET_PATHS = "\"cartas/Preview Content\"";
				ENABLE_PREVIEWS = YES;
				GENERATE_INFOPLIST_FILE = YES;
				INFOPLIST_KEY_UIApplicationSceneManifest_Generation = YES;
				INFOPLIST_KEY_UIApplicationSupportsIndirectInputEvents = YES;
				INFOPLIST_KEY_UILaunchScreen_Generation = YES;
				INFOPLIST_KEY_UISupportedInterfaceOrientations_iPad = "UIInterfaceOrientationPortrait UIInterfaceOrientationPortraitUpsideDown UIInterfaceOrientationLandscapeLeft UIInterfaceOrientationLandscapeRight";
				INFOPLIST_KEY_UISupportedInterfaceOrientations_iPhone = "UIInterfaceOrientationPortrait UIInterfaceOrientationLandscapeLeft UIInterfaceOrientationLandscapeRight";
				LD_RUNPATH_SEARCH_PATHS = (
					"$(inherited)",
					"@executable_path/Frameworks",
				);
				MARKETING_VERSION = 1.0;
				PRODUCT_BUNDLE_IDENTIFIER = mx.alumnos.uacj.cartas;
				PRODUCT_NAME = "$(TARGET_NAME)";
				SWIFT_EMIT_LOC_STRINGS = YES;
				SWIFT_VERSION = 5.0;
				TARGETED_DEVICE_FAMILY = "1,2";
			};
			name = Release;
		};
/* End XCBuildConfiguration section */

/* Begin XCConfigurationList section */
		FB534B012DCE5EBA004EF053 /* Build configuration list for PBXProject "cartas" */ = {
			isa = XCConfigurationList;
			buildConfigurations = (
				FB534B122DCE5EBB004EF053 /* Debug */,
				FB534B132DCE5EBB004EF053 /* Release */,
			);
			defaultConfigurationIsVisible = 0;
			defaultConfigurationName = Release;
		};
		FB534B142DCE5EBB004EF053 /* Build configuration list for PBXNativeTarget "cartas" */ = {
			isa = XCConfigurationList;
			buildConfigurations = (
				FB534B152DCE5EBB004EF053 /* Debug */,
				FB534B162DCE5EBB004EF053 /* Release */,
			);
			defaultConfigurationIsVisible = 0;
			defaultConfigurationName = Release;
		};
/* End XCConfigurationList section */
	};
	rootObject = FB534AFE2DCE5EBA004EF053 /* Project object */;
}
